// !$*UTF8*$!
{
	archiveVersion = 1;
	classes = {
	};
	objectVersion = 56;
	objects = {

/* Begin PBXBuildFile section */
		53F8D0CB2B6F658000BC338A /* AppDelegate.swift in Sources */ = {isa = PBXBuildFile; fileRef = 53F8D0CA2B6F658000BC338A /* AppDelegate.swift */; };
		53F8D0CD2B6F658000BC338A /* SceneDelegate.swift in Sources */ = {isa = PBXBuildFile; fileRef = 53F8D0CC2B6F658000BC338A /* SceneDelegate.swift */; };
		53F8D0CF2B6F658000BC338A /* ViewController.swift in Sources */ = {isa = PBXBuildFile; fileRef = 53F8D0CE2B6F658000BC338A /* ViewController.swift */; };
		53F8D0D22B6F658000BC338A /* Main.storyboard in Resources */ = {isa = PBXBuildFile; fileRef = 53F8D0D02B6F658000BC338A /* Main.storyboard */; };
		53F8D0D42B6F658300BC338A /* Assets.xcassets in Resources */ = {isa = PBXBuildFile; fileRef = 53F8D0D32B6F658300BC338A /* Assets.xcassets */; };
		53F8D0D72B6F658300BC338A /* LaunchScreen.storyboard in Resources */ = {isa = PBXBuildFile; fileRef = 53F8D0D52B6F658300BC338A /* LaunchScreen.storyboard */; };
		53F8D0E22B6F658400BC338A /* FlixsterTests.swift in Sources */ = {isa = PBXBuildFile; fileRef = 53F8D0E12B6F658400BC338A /* FlixsterTests.swift */; };
		53F8D0EC2B6F658400BC338A /* FlixsterUITests.swift in Sources */ = {isa = PBXBuildFile; fileRef = 53F8D0EB2B6F658400BC338A /* FlixsterUITests.swift */; };
		53F8D0EE2B6F658400BC338A /* FlixsterUITestsLaunchTests.swift in Sources */ = {isa = PBXBuildFile; fileRef = 53F8D0ED2B6F658400BC338A /* FlixsterUITestsLaunchTests.swift */; };
/* End PBXBuildFile section */

/* Begin PBXContainerItemProxy section */
		53F8D0DE2B6F658400BC338A /* PBXContainerItemProxy */ = {
			isa = PBXContainerItemProxy;
			containerPortal = 53F8D0BF2B6F657F00BC338A /* Project object */;
			proxyType = 1;
			remoteGlobalIDString = 53F8D0C62B6F657F00BC338A;
			remoteInfo = Flixster;
		};
		53F8D0E82B6F658400BC338A /* PBXContainerItemProxy */ = {
			isa = PBXContainerItemProxy;
			containerPortal = 53F8D0BF2B6F657F00BC338A /* Project object */;
			proxyType = 1;
			remoteGlobalIDString = 53F8D0C62B6F657F00BC338A;
			remoteInfo = Flixster;
		};
/* End PBXContainerItemProxy section */

/* Begin PBXFileReference section */
		53F8D0C72B6F657F00BC338A /* Flixster.app */ = {isa = PBXFileReference; explicitFileType = wrapper.application; includeInIndex = 0; path = Flixster.app; sourceTree = BUILT_PRODUCTS_DIR; };
		53F8D0CA2B6F658000BC338A /* AppDelegate.swift */ = {isa = PBXFileReference; lastKnownFileType = sourcecode.swift; path = AppDelegate.swift; sourceTree = "<group>"; };
		53F8D0CC2B6F658000BC338A /* SceneDelegate.swift */ = {isa = PBXFileReference; lastKnownFileType = sourcecode.swift; path = SceneDelegate.swift; sourceTree = "<group>"; };
		53F8D0CE2B6F658000BC338A /* ViewController.swift */ = {isa = PBXFileReference; lastKnownFileType = sourcecode.swift; path = ViewController.swift; sourceTree = "<group>"; };
		53F8D0D12B6F658000BC338A /* Base */ = {isa = PBXFileReference; lastKnownFileType = file.storyboard; name = Base; path = Base.lproj/Main.storyboard; sourceTree = "<group>"; };
		53F8D0D32B6F658300BC338A /* Assets.xcassets */ = {isa = PBXFileReference; lastKnownFileType = folder.assetcatalog; path = Assets.xcassets; sourceTree = "<group>"; };
		53F8D0D62B6F658300BC338A /* Base */ = {isa = PBXFileReference; lastKnownFileType = file.storyboard; name = Base; path = Base.lproj/LaunchScreen.storyboard; sourceTree = "<group>"; };
		53F8D0D82B6F658300BC338A /* Info.plist */ = {isa = PBXFileReference; lastKnownFileType = text.plist.xml; path = Info.plist; sourceTree = "<group>"; };
		53F8D0DD2B6F658400BC338A /* FlixsterTests.xctest */ = {isa = PBXFileReference; explicitFileType = wrapper.cfbundle; includeInIndex = 0; path = FlixsterTests.xctest; sourceTree = BUILT_PRODUCTS_DIR; };
		53F8D0E12B6F658400BC338A /* FlixsterTests.swift */ = {isa = PBXFileReference; lastKnownFileType = sourcecode.swift; path = FlixsterTests.swift; sourceTree = "<group>"; };
		53F8D0E72B6F658400BC338A /* FlixsterUITests.xctest */ = {isa = PBXFileReference; explicitFileType = wrapper.cfbundle; includeInIndex = 0; path = FlixsterUITests.xctest; sourceTree = BUILT_PRODUCTS_DIR; };
		53F8D0EB2B6F658400BC338A /* FlixsterUITests.swift */ = {isa = PBXFileReference; lastKnownFileType = sourcecode.swift; path = FlixsterUITests.swift; sourceTree = "<group>"; };
		53F8D0ED2B6F658400BC338A /* FlixsterUITestsLaunchTests.swift */ = {isa = PBXFileReference; lastKnownFileType = sourcecode.swift; path = FlixsterUITestsLaunchTests.swift; sourceTree = "<group>"; };
/* End PBXFileReference section */

/* Begin PBXFrameworksBuildPhase section */
		53F8D0C42B6F657F00BC338A /* Frameworks */ = {
			isa = PBXFrameworksBuildPhase;
			buildActionMask = 2147483647;
			files = (
			);
			runOnlyForDeploymentPostprocessing = 0;
		};
		53F8D0DA2B6F658400BC338A /* Frameworks */ = {
			isa = PBXFrameworksBuildPhase;
			buildActionMask = 2147483647;
			files = (
			);
			runOnlyForDeploymentPostprocessing = 0;
		};
		53F8D0E42B6F658400BC338A /* Frameworks */ = {
			isa = PBXFrameworksBuildPhase;
			buildActionMask = 2147483647;
			files = (
			);
			runOnlyForDeploymentPostprocessing = 0;
		};
/* End PBXFrameworksBuildPhase section */

/* Begin PBXGroup section */
		53F8D0BE2B6F657F00BC338A = {
			isa = PBXGroup;
			children = (
				53F8D0C92B6F658000BC338A /* Flixster */,
				53F8D0E02B6F658400BC338A /* FlixsterTests */,
				53F8D0EA2B6F658400BC338A /* FlixsterUITests */,
				53F8D0C82B6F658000BC338A /* Products */,
			);
			sourceTree = "<group>";
		};
		53F8D0C82B6F658000BC338A /* Products */ = {
			isa = PBXGroup;
			children = (
				53F8D0C72B6F657F00BC338A /* Flixster.app */,
				53F8D0DD2B6F658400BC338A /* FlixsterTests.xctest */,
				53F8D0E72B6F658400BC338A /* FlixsterUITests.xctest */,
			);
			name = Products;
			sourceTree = "<group>";
		};
		53F8D0C92B6F658000BC338A /* Flixster */ = {
			isa = PBXGroup;
			children = (
				53F8D0CA2B6F658000BC338A /* AppDelegate.swift */,
				53F8D0CC2B6F658000BC338A /* SceneDelegate.swift */,
				53F8D0CE2B6F658000BC338A /* ViewController.swift */,
				53F8D0D02B6F658000BC338A /* Main.storyboard */,
				53F8D0D32B6F658300BC338A /* Assets.xcassets */,
				53F8D0D52B6F658300BC338A /* LaunchScreen.storyboard */,
				53F8D0D82B6F658300BC338A /* Info.plist */,
			);
			path = Flixster;
			sourceTree = "<group>";
		};
		53F8D0E02B6F658400BC338A /* FlixsterTests */ = {
			isa = PBXGroup;
			children = (
				53F8D0E12B6F658400BC338A /* FlixsterTests.swift */,
			);
			path = FlixsterTests;
			sourceTree = "<group>";
		};
		53F8D0EA2B6F658400BC338A /* FlixsterUITests */ = {
			isa = PBXGroup;
			children = (
				53F8D0EB2B6F658400BC338A /* FlixsterUITests.swift */,
				53F8D0ED2B6F658400BC338A /* FlixsterUITestsLaunchTests.swift */,
			);
			path = FlixsterUITests;
			sourceTree = "<group>";
		};
/* End PBXGroup section */

/* Begin PBXNativeTarget section */
		53F8D0C62B6F657F00BC338A /* Flixster */ = {
			isa = PBXNativeTarget;
			buildConfigurationList = 53F8D0F12B6F658400BC338A /* Build configuration list for PBXNativeTarget "Flixster" */;
			buildPhases = (
				53F8D0C32B6F657F00BC338A /* Sources */,
				53F8D0C42B6F657F00BC338A /* Frameworks */,
				53F8D0C52B6F657F00BC338A /* Resources */,
			);
			buildRules = (
			);
			dependencies = (
			);
			name = Flixster;
			productName = Flixster;
			productReference = 53F8D0C72B6F657F00BC338A /* Flixster.app */;
			productType = "com.apple.product-type.application";
		};
		53F8D0DC2B6F658400BC338A /* FlixsterTests */ = {
			isa = PBXNativeTarget;
			buildConfigurationList = 53F8D0F42B6F658400BC338A /* Build configuration list for PBXNativeTarget "FlixsterTests" */;
			buildPhases = (
				53F8D0D92B6F658400BC338A /* Sources */,
				53F8D0DA2B6F658400BC338A /* Frameworks */,
				53F8D0DB2B6F658400BC338A /* Resources */,
			);
			buildRules = (
			);
			dependencies = (
				53F8D0DF2B6F658400BC338A /* PBXTargetDependency */,
			);
			name = FlixsterTests;
			productName = FlixsterTests;
			productReference = 53F8D0DD2B6F658400BC338A /* FlixsterTests.xctest */;
			productType = "com.apple.product-type.bundle.unit-test";
		};
		53F8D0E62B6F658400BC338A /* FlixsterUITests */ = {
			isa = PBXNativeTarget;
			buildConfigurationList = 53F8D0F72B6F658400BC338A /* Build configuration list for PBXNativeTarget "FlixsterUITests" */;
			buildPhases = (
				53F8D0E32B6F658400BC338A /* Sources */,
				53F8D0E42B6F658400BC338A /* Frameworks */,
				53F8D0E52B6F658400BC338A /* Resources */,
			);
			buildRules = (
			);
			dependencies = (
				53F8D0E92B6F658400BC338A /* PBXTargetDependency */,
			);
			name = FlixsterUITests;
			productName = FlixsterUITests;
			productReference = 53F8D0E72B6F658400BC338A /* FlixsterUITests.xctest */;
			productType = "com.apple.product-type.bundle.ui-testing";
		};
/* End PBXNativeTarget section */

/* Begin PBXProject section */
		53F8D0BF2B6F657F00BC338A /* Project object */ = {
			isa = PBXProject;
			attributes = {
				BuildIndependentTargetsInParallel = 1;
				LastSwiftUpdateCheck = 1520;
				LastUpgradeCheck = 1520;
				TargetAttributes = {
					53F8D0C62B6F657F00BC338A = {
						CreatedOnToolsVersion = 15.2;
					};
					53F8D0DC2B6F658400BC338A = {
						CreatedOnToolsVersion = 15.2;
						TestTargetID = 53F8D0C62B6F657F00BC338A;
					};
					53F8D0E62B6F658400BC338A = {
						CreatedOnToolsVersion = 15.2;
						TestTargetID = 53F8D0C62B6F657F00BC338A;
					};
				};
			};
			buildConfigurationList = 53F8D0C22B6F657F00BC338A /* Build configuration list for PBXProject "Flixster" */;
			compatibilityVersion = "Xcode 14.0";
			developmentRegion = en;
			hasScannedForEncodings = 0;
			knownRegions = (
				en,
				Base,
			);
			mainGroup = 53F8D0BE2B6F657F00BC338A;
			productRefGroup = 53F8D0C82B6F658000BC338A /* Products */;
			projectDirPath = "";
			projectRoot = "";
			targets = (
				53F8D0C62B6F657F00BC338A /* Flixster */,
				53F8D0DC2B6F658400BC338A /* FlixsterTests */,
				53F8D0E62B6F658400BC338A /* FlixsterUITests */,
			);
		};
/* End PBXProject section */

/* Begin PBXResourcesBuildPhase section */
		53F8D0C52B6F657F00BC338A /* Resources */ = {
			isa = PBXResourcesBuildPhase;
			buildActionMask = 2147483647;
			files = (
				53F8D0D72B6F658300BC338A /* LaunchScreen.storyboard in Resources */,
				53F8D0D42B6F658300BC338A /* Assets.xcassets in Resources */,
				53F8D0D22B6F658000BC338A /* Main.storyboard in Resources */,
			);
			runOnlyForDeploymentPostprocessing = 0;
		};
		53F8D0DB2B6F658400BC338A /* Resources */ = {
			isa = PBXResourcesBuildPhase;
			buildActionMask = 2147483647;
			files = (
			);
			runOnlyForDeploymentPostprocessing = 0;
		};
		53F8D0E52B6F658400BC338A /* Resources */ = {
			isa = PBXResourcesBuildPhase;
			buildActionMask = 2147483647;
			files = (
			);
			runOnlyForDeploymentPostprocessing = 0;
		};
/* End PBXResourcesBuildPhase section */

/* Begin PBXSourcesBuildPhase section */
		53F8D0C32B6F657F00BC338A /* Sources */ = {
			isa = PBXSourcesBuildPhase;
			buildActionMask = 2147483647;
			files = (
				53F8D0CF2B6F658000BC338A /* ViewController.swift in Sources */,
				53F8D0CB2B6F658000BC338A /* AppDelegate.swift in Sources */,
				53F8D0CD2B6F658000BC338A /* SceneDelegate.swift in Sources */,
			);
			runOnlyForDeploymentPostprocessing = 0;
		};
		53F8D0D92B6F658400BC338A /* Sources */ = {
			isa = PBXSourcesBuildPhase;
			buildActionMask = 2147483647;
			files = (
				53F8D0E22B6F658400BC338A /* FlixsterTests.swift in Sources */,
			);
			runOnlyForDeploymentPostprocessing = 0;
		};
		53F8D0E32B6F658400BC338A /* Sources */ = {
			isa = PBXSourcesBuildPhase;
			buildActionMask = 2147483647;
			files = (
				53F8D0EE2B6F658400BC338A /* FlixsterUITestsLaunchTests.swift in Sources */,
				53F8D0EC2B6F658400BC338A /* FlixsterUITests.swift in Sources */,
			);
			runOnlyForDeploymentPostprocessing = 0;
		};
/* End PBXSourcesBuildPhase section */

/* Begin PBXTargetDependency section */
		53F8D0DF2B6F658400BC338A /* PBXTargetDependency */ = {
			isa = PBXTargetDependency;
			target = 53F8D0C62B6F657F00BC338A /* Flixster */;
			targetProxy = 53F8D0DE2B6F658400BC338A /* PBXContainerItemProxy */;
		};
		53F8D0E92B6F658400BC338A /* PBXTargetDependency */ = {
			isa = PBXTargetDependency;
			target = 53F8D0C62B6F657F00BC338A /* Flixster */;
			targetProxy = 53F8D0E82B6F658400BC338A /* PBXContainerItemProxy */;
		};
/* End PBXTargetDependency section */

/* Begin PBXVariantGroup section */
		53F8D0D02B6F658000BC338A /* Main.storyboard */ = {
			isa = PBXVariantGroup;
			children = (
				53F8D0D12B6F658000BC338A /* Base */,
			);
			name = Main.storyboard;
			sourceTree = "<group>";
		};
		53F8D0D52B6F658300BC338A /* LaunchScreen.storyboard */ = {
			isa = PBXVariantGroup;
			children = (
				53F8D0D62B6F658300BC338A /* Base */,
			);
			name = LaunchScreen.storyboard;
			sourceTree = "<group>";
		};
/* End PBXVariantGroup section */

/* Begin XCBuildConfiguration section */
		53F8D0EF2B6F658400BC338A /* Debug */ = {
			isa = XCBuildConfiguration;
			buildSettings = {
				ALWAYS_SEARCH_USER_PATHS = NO;
				ASSETCATALOG_COMPILER_GENERATE_SWIFT_ASSET_SYMBOL_EXTENSIONS = YES;
				CLANG_ANALYZER_NONNULL = YES;
				CLANG_ANALYZER_NUMBER_OBJECT_CONVERSION = YES_AGGRESSIVE;
				CLANG_CXX_LANGUAGE_STANDARD = "gnu++20";
				CLANG_ENABLE_MODULES = YES;
				CLANG_ENABLE_OBJC_ARC = YES;
				CLANG_ENABLE_OBJC_WEAK = YES;
				CLANG_WARN_BLOCK_CAPTURE_AUTORELEASING = YES;
				CLANG_WARN_BOOL_CONVERSION = YES;
				CLANG_WARN_COMMA = YES;
				CLANG_WARN_CONSTANT_CONVERSION = YES;
				CLANG_WARN_DEPRECATED_OBJC_IMPLEMENTATIONS = YES;
				CLANG_WARN_DIRECT_OBJC_ISA_USAGE = YES_ERROR;
				CLANG_WARN_DOCUMENTATION_COMMENTS = YES;
				CLANG_WARN_EMPTY_BODY = YES;
				CLANG_WARN_ENUM_CONVERSION = YES;
				CLANG_WARN_INFINITE_RECURSION = YES;
				CLANG_WARN_INT_CONVERSION = YES;
				CLANG_WARN_NON_LITERAL_NULL_CONVERSION = YES;
				CLANG_WARN_OBJC_IMPLICIT_RETAIN_SELF = YES;
				CLANG_WARN_OBJC_LITERAL_CONVERSION = YES;
				CLANG_WARN_OBJC_ROOT_CLASS = YES_ERROR;
				CLANG_WARN_QUOTED_INCLUDE_IN_FRAMEWORK_HEADER = YES;
				CLANG_WARN_RANGE_LOOP_ANALYSIS = YES;
				CLANG_WARN_STRICT_PROTOTYPES = YES;
				CLANG_WARN_SUSPICIOUS_MOVE = YES;
				CLANG_WARN_UNGUARDED_AVAILABILITY = YES_AGGRESSIVE;
				CLANG_WARN_UNREACHABLE_CODE = YES;
				CLANG_WARN__DUPLICATE_METHOD_MATCH = YES;
				COPY_PHASE_STRIP = NO;
				DEBUG_INFORMATION_FORMAT = dwarf;
				ENABLE_STRICT_OBJC_MSGSEND = YES;
				ENABLE_TESTABILITY = YES;
				ENABLE_USER_SCRIPT_SANDBOXING = YES;
				GCC_C_LANGUAGE_STANDARD = gnu17;
				GCC_DYNAMIC_NO_PIC = NO;
				GCC_NO_COMMON_BLOCKS = YES;
				GCC_OPTIMIZATION_LEVEL = 0;
				GCC_PREPROCESSOR_DEFINITIONS = (
					"DEBUG=1",
					"$(inherited)",
				);
				GCC_WARN_64_TO_32_BIT_CONVERSION = YES;
				GCC_WARN_ABOUT_RETURN_TYPE = YES_ERROR;
				GCC_WARN_UNDECLARED_SELECTOR = YES;
				GCC_WARN_UNINITIALIZED_AUTOS = YES_AGGRESSIVE;
				GCC_WARN_UNUSED_FUNCTION = YES;
				GCC_WARN_UNUSED_VARIABLE = YES;
				IPHONEOS_DEPLOYMENT_TARGET = 17.2;
				LOCALIZATION_PREFERS_STRING_CATALOGS = YES;
				MTL_ENABLE_DEBUG_INFO = INCLUDE_SOURCE;
				MTL_FAST_MATH = YES;
				ONLY_ACTIVE_ARCH = YES;
				SDKROOT = iphoneos;
				SWIFT_ACTIVE_COMPILATION_CONDITIONS = "DEBUG $(inherited)";
				SWIFT_OPTIMIZATION_LEVEL = "-Onone";
			};
			name = Debug;
		};
		53F8D0F02B6F658400BC338A /* Release */ = {
			isa = XCBuildConfiguration;
			buildSettings = {
				ALWAYS_SEARCH_USER_PATHS = NO;
				ASSETCATALOG_COMPILER_GENERATE_SWIFT_ASSET_SYMBOL_EXTENSIONS = YES;
				CLANG_ANALYZER_NONNULL = YES;
				CLANG_ANALYZER_NUMBER_OBJECT_CONVERSION = YES_AGGRESSIVE;
				CLANG_CXX_LANGUAGE_STANDARD = "gnu++20";
				CLANG_ENABLE_MODULES = YES;
				CLANG_ENABLE_OBJC_ARC = YES;
				CLANG_ENABLE_OBJC_WEAK = YES;
				CLANG_WARN_BLOCK_CAPTURE_AUTORELEASING = YES;
				CLANG_WARN_BOOL_CONVERSION = YES;
				CLANG_WARN_COMMA = YES;
				CLANG_WARN_CONSTANT_CONVERSION = YES;
				CLANG_WARN_DEPRECATED_OBJC_IMPLEMENTATIONS = YES;
				CLANG_WARN_DIRECT_OBJC_ISA_USAGE = YES_ERROR;
				CLANG_WARN_DOCUMENTATION_COMMENTS = YES;
				CLANG_WARN_EMPTY_BODY = YES;
				CLANG_WARN_ENUM_CONVERSION = YES;
				CLANG_WARN_INFINITE_RECURSION = YES;
				CLANG_WARN_INT_CONVERSION = YES;
				CLANG_WARN_NON_LITERAL_NULL_CONVERSION = YES;
				CLANG_WARN_OBJC_IMPLICIT_RETAIN_SELF = YES;
				CLANG_WARN_OBJC_LITERAL_CONVERSION = YES;
				CLANG_WARN_OBJC_ROOT_CLASS = YES_ERROR;
				CLANG_WARN_QUOTED_INCLUDE_IN_FRAMEWORK_HEADER = YES;
				CLANG_WARN_RANGE_LOOP_ANALYSIS = YES;
				CLANG_WARN_STRICT_PROTOTYPES = YES;
				CLANG_WARN_SUSPICIOUS_MOVE = YES;
				CLANG_WARN_UNGUARDED_AVAILABILITY = YES_AGGRESSIVE;
				CLANG_WARN_UNREACHABLE_CODE = YES;
				CLANG_WARN__DUPLICATE_METHOD_MATCH = YES;
				COPY_PHASE_STRIP = NO;
				DEBUG_INFORMATION_FORMAT = "dwarf-with-dsym";
				ENABLE_NS_ASSERTIONS = NO;
				ENABLE_STRICT_OBJC_MSGSEND = YES;
				ENABLE_USER_SCRIPT_SANDBOXING = YES;
				GCC_C_LANGUAGE_STANDARD = gnu17;
				GCC_NO_COMMON_BLOCKS = YES;
				GCC_WARN_64_TO_32_BIT_CONVERSION = YES;
				GCC_WARN_ABOUT_RETURN_TYPE = YES_ERROR;
				GCC_WARN_UNDECLARED_SELECTOR = YES;
				GCC_WARN_UNINITIALIZED_AUTOS = YES_AGGRESSIVE;
				GCC_WARN_UNUSED_FUNCTION = YES;
				GCC_WARN_UNUSED_VARIABLE = YES;
				IPHONEOS_DEPLOYMENT_TARGET = 17.2;
				LOCALIZATION_PREFERS_STRING_CATALOGS = YES;
				MTL_ENABLE_DEBUG_INFO = NO;
				MTL_FAST_MATH = YES;
				SDKROOT = iphoneos;
				SWIFT_COMPILATION_MODE = wholemodule;
				VALIDATE_PRODUCT = YES;
			};
			name = Release;
		};
		53F8D0F22B6F658400BC338A /* Debug */ = {
			isa = XCBuildConfiguration;
			buildSettings = {
				ASSETCATALOG_COMPILER_APPICON_NAME = AppIcon;
				ASSETCATALOG_COMPILER_GLOBAL_ACCENT_COLOR_NAME = AccentColor;
				CODE_SIGN_STYLE = Automatic;
				CURRENT_PROJECT_VERSION = 1;
				GENERATE_INFOPLIST_FILE = YES;
				INFOPLIST_FILE = Flixster/Info.plist;
				INFOPLIST_KEY_UIApplicationSupportsIndirectInputEvents = YES;
				INFOPLIST_KEY_UILaunchStoryboardName = LaunchScreen;
				INFOPLIST_KEY_UIMainStoryboardFile = Main;
				INFOPLIST_KEY_UISupportedInterfaceOrientations_iPad = "UIInterfaceOrientationPortrait UIInterfaceOrientationPortraitUpsideDown UIInterfaceOrientationLandscapeLeft UIInterfaceOrientationLandscapeRight";
				INFOPLIST_KEY_UISupportedInterfaceOrientations_iPhone = "UIInterfaceOrientationPortrait UIInterfaceOrientationLandscapeLeft UIInterfaceOrientationLandscapeRight";
				LD_RUNPATH_SEARCH_PATHS = (
					"$(inherited)",
					"@executable_path/Frameworks",
				);
				MARKETING_VERSION = 1.0;
				PRODUCT_BUNDLE_IDENTIFIER = cebaBryan.Flixster;
				PRODUCT_NAME = "$(TARGET_NAME)";
				SWIFT_EMIT_LOC_STRINGS = YES;
				SWIFT_VERSION = 5.0;
				TARGETED_DEVICE_FAMILY = "1,2";
			};
			name = Debug;
		};
		53F8D0F32B6F658400BC338A /* Release */ = {
			isa = XCBuildConfiguration;
			buildSettings = {
				ASSETCATALOG_COMPILER_APPICON_NAME = AppIcon;
				ASSETCATALOG_COMPILER_GLOBAL_ACCENT_COLOR_NAME = AccentColor;
				CODE_SIGN_STYLE = Automatic;
				CURRENT_PROJECT_VERSION = 1;
				GENERATE_INFOPLIST_FILE = YES;
				INFOPLIST_FILE = Flixster/Info.plist;
				INFOPLIST_KEY_UIApplicationSupportsIndirectInputEvents = YES;
				INFOPLIST_KEY_UILaunchStoryboardName = LaunchScreen;
				INFOPLIST_KEY_UIMainStoryboardFile = Main;
				INFOPLIST_KEY_UISupportedInterfaceOrientations_iPad = "UIInterfaceOrientationPortrait UIInterfaceOrientationPortraitUpsideDown UIInterfaceOrientationLandscapeLeft UIInterfaceOrientationLandscapeRight";
				INFOPLIST_KEY_UISupportedInterfaceOrientations_iPhone = "UIInterfaceOrientationPortrait UIInterfaceOrientationLandscapeLeft UIInterfaceOrientationLandscapeRight";
				LD_RUNPATH_SEARCH_PATHS = (
					"$(inherited)",
					"@executable_path/Frameworks",
				);
				MARKETING_VERSION = 1.0;
				PRODUCT_BUNDLE_IDENTIFIER = cebaBryan.Flixster;
				PRODUCT_NAME = "$(TARGET_NAME)";
				SWIFT_EMIT_LOC_STRINGS = YES;
				SWIFT_VERSION = 5.0;
				TARGETED_DEVICE_FAMILY = "1,2";
			};
			name = Release;
		};
		53F8D0F52B6F658400BC338A /* Debug */ = {
			isa = XCBuildConfiguration;
			buildSettings = {
				ALWAYS_EMBED_SWIFT_STANDARD_LIBRARIES = YES;
				BUNDLE_LOADER = "$(TEST_HOST)";
				CODE_SIGN_STYLE = Automatic;
				CURRENT_PROJECT_VERSION = 1;
				GENERATE_INFOPLIST_FILE = YES;
				IPHONEOS_DEPLOYMENT_TARGET = 17.2;
				MARKETING_VERSION = 1.0;
				PRODUCT_BUNDLE_IDENTIFIER = cebaBryan.FlixsterTests;
				PRODUCT_NAME = "$(TARGET_NAME)";
				SWIFT_EMIT_LOC_STRINGS = NO;
				SWIFT_VERSION = 5.0;
				TARGETED_DEVICE_FAMILY = "1,2";
				TEST_HOST = "$(BUILT_PRODUCTS_DIR)/Flixster.app/$(BUNDLE_EXECUTABLE_FOLDER_PATH)/Flixster";
			};
			name = Debug;
		};
		53F8D0F62B6F658400BC338A /* Release */ = {
			isa = XCBuildConfiguration;
			buildSettings = {
				ALWAYS_EMBED_SWIFT_STANDARD_LIBRARIES = YES;
				BUNDLE_LOADER = "$(TEST_HOST)";
				CODE_SIGN_STYLE = Automatic;
				CURRENT_PROJECT_VERSION = 1;
				GENERATE_INFOPLIST_FILE = YES;
				IPHONEOS_DEPLOYMENT_TARGET = 17.2;
				MARKETING_VERSION = 1.0;
				PRODUCT_BUNDLE_IDENTIFIER = cebaBryan.FlixsterTests;
				PRODUCT_NAME = "$(TARGET_NAME)";
				SWIFT_EMIT_LOC_STRINGS = NO;
				SWIFT_VERSION = 5.0;
				TARGETED_DEVICE_FAMILY = "1,2";
				TEST_HOST = "$(BUILT_PRODUCTS_DIR)/Flixster.app/$(BUNDLE_EXECUTABLE_FOLDER_PATH)/Flixster";
			};
			name = Release;
		};
		53F8D0F82B6F658400BC338A /* Debug */ = {
			isa = XCBuildConfiguration;
			buildSettings = {
				ALWAYS_EMBED_SWIFT_STANDARD_LIBRARIES = YES;
				CODE_SIGN_STYLE = Automatic;
				CURRENT_PROJECT_VERSION = 1;
				GENERATE_INFOPLIST_FILE = YES;
				MARKETING_VERSION = 1.0;
				PRODUCT_BUNDLE_IDENTIFIER = cebaBryan.FlixsterUITests;
				PRODUCT_NAME = "$(TARGET_NAME)";
				SWIFT_EMIT_LOC_STRINGS = NO;
				SWIFT_VERSION = 5.0;
				TARGETED_DEVICE_FAMILY = "1,2";
				TEST_TARGET_NAME = Flixster;
			};
			name = Debug;
		};
		53F8D0F92B6F658400BC338A /* Release */ = {
			isa = XCBuildConfiguration;
			buildSettings = {
				ALWAYS_EMBED_SWIFT_STANDARD_LIBRARIES = YES;
				CODE_SIGN_STYLE = Automatic;
				CURRENT_PROJECT_VERSION = 1;
				GENERATE_INFOPLIST_FILE = YES;
				MARKETING_VERSION = 1.0;
				PRODUCT_BUNDLE_IDENTIFIER = cebaBryan.FlixsterUITests;
				PRODUCT_NAME = "$(TARGET_NAME)";
				SWIFT_EMIT_LOC_STRINGS = NO;
				SWIFT_VERSION = 5.0;
				TARGETED_DEVICE_FAMILY = "1,2";
				TEST_TARGET_NAME = Flixster;
			};
			name = Release;
		};
/* End XCBuildConfiguration section */

/* Begin XCConfigurationList section */
		53F8D0C22B6F657F00BC338A /* Build configuration list for PBXProject "Flixster" */ = {
			isa = XCConfigurationList;
			buildConfigurations = (
				53F8D0EF2B6F658400BC338A /* Debug */,
				53F8D0F02B6F658400BC338A /* Release */,
			);
			defaultConfigurationIsVisible = 0;
			defaultConfigurationName = Release;
		};
		53F8D0F12B6F658400BC338A /* Build configuration list for PBXNativeTarget "Flixster" */ = {
			isa = XCConfigurationList;
			buildConfigurations = (
				53F8D0F22B6F658400BC338A /* Debug */,
				53F8D0F32B6F658400BC338A /* Release */,
			);
			defaultConfigurationIsVisible = 0;
			defaultConfigurationName = Release;
		};
		53F8D0F42B6F658400BC338A /* Build configuration list for PBXNativeTarget "FlixsterTests" */ = {
			isa = XCConfigurationList;
			buildConfigurations = (
				53F8D0F52B6F658400BC338A /* Debug */,
				53F8D0F62B6F658400BC338A /* Release */,
			);
			defaultConfigurationIsVisible = 0;
			defaultConfigurationName = Release;
		};
		53F8D0F72B6F658400BC338A /* Build configuration list for PBXNativeTarget "FlixsterUITests" */ = {
			isa = XCConfigurationList;
			buildConfigurations = (
				53F8D0F82B6F658400BC338A /* Debug */,
				53F8D0F92B6F658400BC338A /* Release */,
			);
			defaultConfigurationIsVisible = 0;
			defaultConfigurationName = Release;
		};
/* End XCConfigurationList section */
	};
	rootObject = 53F8D0BF2B6F657F00BC338A /* Project object */;
}
